
Microsoft Visual Studio Solution File, Format Version 12.00
# Visual Studio Version 17
VisualStudioVersion = 17.9.34616.47
MinimumVisualStudioVersion = 10.0.40219.1
Project("{FAE04EC0-301F-11D3-BF4B-00C04F79EFBC}") = "FishPredictor", "FishPredictor\FishPredictor.csproj", "{B77EA61D-08A7-4430-9C16-5D3DFFB07565}"
EndProject
Global
	GlobalSection(SolutionConfigurationPlatforms) = preSolution
		Debug|Any CPU = Debug|Any CPU
		Release|Any CPU = Release|Any CPU
	EndGlobalSection
	GlobalSection(ProjectConfigurationPlatforms) = postSolution
		{B77EA61D-08A7-4430-9C16-5D3DFFB07565}.Debug|Any CPU.ActiveCfg = Debug|Any CPU
		{B77EA61D-08A7-4430-9C16-5D3DFFB07565}.Debug|Any CPU.Build.0 = Debug|Any CPU
		{B77EA61D-08A7-4430-9C16-5D3DFFB07565}.Release|Any CPU.ActiveCfg = Release|Any CPU
		{B77EA61D-08A7-4430-9C16-5D3DFFB07565}.Release|Any CPU.Build.0 = Release|Any CPU
	EndGlobalSection
	GlobalSection(SolutionProperties) = preSolution
		HideSolutionNode = FALSE
	EndGlobalSection
	GlobalSection(ExtensibilityGlobals) = postSolution
		SolutionGuid = {22941EAF-E925-4373-8569-1EE2E5C0397B}
	EndGlobalSection
EndGlobal
